
Microsoft Visual Studio Solution File, Format Version 12.00
Project("{2150E333-8FDC-42A3-9474-1A3956D46DE8}") = "src", "src", "{051FB763-94FC-4402-B34B-BECF28EBCBDB}"
EndProject
Project("{FAE04EC0-301F-11D3-BF4B-00C04F79EFBC}") = "API", "src\API\API.csproj", "{5AD82147-5432-4065-B60C-F0DBDAAA8FB1}"
EndProject
Project("{FAE04EC0-301F-11D3-BF4B-00C04F79EFBC}") = "Application", "src\Application\Application.csproj", "{E47AD6F5-44B2-413B-8822-DC2A42993A22}"
EndProject
Project("{FAE04EC0-301F-11D3-BF4B-00C04F79EFBC}") = "Common", "src\Common\Common.csproj", "{2C188EC9-DD70-4473-B60E-00793A8FDAF0}"
EndProject
Project("{FAE04EC0-301F-11D3-BF4B-00C04F79EFBC}") = "Persistence", "src\Persistence\Persistence.csproj", "{C896F9F6-2837-42B2-A148-AF9688993460}"
EndProject
Project("{2150E333-8FDC-42A3-9474-1A3956D46DE8}") = "test", "test", "{729265AA-F223-4569-96EA-6DF2F801CFD4}"
EndProject
Project("{FAE04EC0-301F-11D3-BF4B-00C04F79EFBC}") = "Application.UnitTest", "test\Application.UnitTest\Application.UnitTest.csproj", "{85FE9CBC-C93B-464E-BAA1-4A454F99E2DD}"
EndProject
Global
	GlobalSection(SolutionConfigurationPlatforms) = preSolution
		Debug|Any CPU = Debug|Any CPU
		Release|Any CPU = Release|Any CPU
	EndGlobalSection
	GlobalSection(ProjectConfigurationPlatforms) = postSolution
		{5AD82147-5432-4065-B60C-F0DBDAAA8FB1}.Debug|Any CPU.ActiveCfg = Debug|Any CPU
		{5AD82147-5432-4065-B60C-F0DBDAAA8FB1}.Debug|Any CPU.Build.0 = Debug|Any CPU
		{5AD82147-5432-4065-B60C-F0DBDAAA8FB1}.Release|Any CPU.ActiveCfg = Release|Any CPU
		{5AD82147-5432-4065-B60C-F0DBDAAA8FB1}.Release|Any CPU.Build.0 = Release|Any CPU
		{E47AD6F5-44B2-413B-8822-DC2A42993A22}.Debug|Any CPU.ActiveCfg = Debug|Any CPU
		{E47AD6F5-44B2-413B-8822-DC2A42993A22}.Debug|Any CPU.Build.0 = Debug|Any CPU
		{E47AD6F5-44B2-413B-8822-DC2A42993A22}.Release|Any CPU.ActiveCfg = Release|Any CPU
		{E47AD6F5-44B2-413B-8822-DC2A42993A22}.Release|Any CPU.Build.0 = Release|Any CPU
		{2C188EC9-DD70-4473-B60E-00793A8FDAF0}.Debug|Any CPU.ActiveCfg = Debug|Any CPU
		{2C188EC9-DD70-4473-B60E-00793A8FDAF0}.Debug|Any CPU.Build.0 = Debug|Any CPU
		{2C188EC9-DD70-4473-B60E-00793A8FDAF0}.Release|Any CPU.ActiveCfg = Release|Any CPU
		{2C188EC9-DD70-4473-B60E-00793A8FDAF0}.Release|Any CPU.Build.0 = Release|Any CPU
		{C896F9F6-2837-42B2-A148-AF9688993460}.Debug|Any CPU.ActiveCfg = Debug|Any CPU
		{C896F9F6-2837-42B2-A148-AF9688993460}.Debug|Any CPU.Build.0 = Debug|Any CPU
		{C896F9F6-2837-42B2-A148-AF9688993460}.Release|Any CPU.ActiveCfg = Release|Any CPU
		{C896F9F6-2837-42B2-A148-AF9688993460}.Release|Any CPU.Build.0 = Release|Any CPU
		{85FE9CBC-C93B-464E-BAA1-4A454F99E2DD}.Debug|Any CPU.ActiveCfg = Debug|Any CPU
		{85FE9CBC-C93B-464E-BAA1-4A454F99E2DD}.Debug|Any CPU.Build.0 = Debug|Any CPU
		{85FE9CBC-C93B-464E-BAA1-4A454F99E2DD}.Release|Any CPU.ActiveCfg = Release|Any CPU
		{85FE9CBC-C93B-464E-BAA1-4A454F99E2DD}.Release|Any CPU.Build.0 = Release|Any CPU
	EndGlobalSection
	GlobalSection(NestedProjects) = preSolution
		{5AD82147-5432-4065-B60C-F0DBDAAA8FB1} = {051FB763-94FC-4402-B34B-BECF28EBCBDB}
		{E47AD6F5-44B2-413B-8822-DC2A42993A22} = {051FB763-94FC-4402-B34B-BECF28EBCBDB}
		{2C188EC9-DD70-4473-B60E-00793A8FDAF0} = {051FB763-94FC-4402-B34B-BECF28EBCBDB}
		{C896F9F6-2837-42B2-A148-AF9688993460} = {051FB763-94FC-4402-B34B-BECF28EBCBDB}
		{85FE9CBC-C93B-464E-BAA1-4A454F99E2DD} = {729265AA-F223-4569-96EA-6DF2F801CFD4}
	EndGlobalSection
EndGlobal
